
Microsoft Visual Studio Solution File, Format Version 12.00
# Visual Studio 15
Project("{FAE04EC0-301F-11D3-BF4B-00C04F79EFBC}") = "Zed-dotnet", "Zed-dotnet\Zed-dotnet.csproj", "{E0408BC5-40BE-4F99-917F-A86EF795761B}"
EndProject
Project("{FAE04EC0-301F-11D3-BF4B-00C04F79EFBC}") = "Zed-test", "Zed-test\Zed-test.csproj", "{F9B916B3-9372-44F6-9BFF-158ADE26326B}"
EndProject
Global
	GlobalSection(SolutionConfigurationPlatforms) = preSolution
		Debug|Any CPU = Debug|Any CPU
		Release|Any CPU = Release|Any CPU
	EndGlobalSection
	GlobalSection(ProjectConfigurationPlatforms) = postSolution
		{E0408BC5-40BE-4F99-917F-A86EF795761B}.Debug|Any CPU.ActiveCfg = Debug|Any CPU
		{E0408BC5-40BE-4F99-917F-A86EF795761B}.Debug|Any CPU.Build.0 = Debug|Any CPU
		{E0408BC5-40BE-4F99-917F-A86EF795761B}.Release|Any CPU.ActiveCfg = Release|Any CPU
		{E0408BC5-40BE-4F99-917F-A86EF795761B}.Release|Any CPU.Build.0 = Release|Any CPU
		{F9B916B3-9372-44F6-9BFF-158ADE26326B}.Debug|Any CPU.ActiveCfg = Debug|Any CPU
		{F9B916B3-9372-44F6-9BFF-158ADE26326B}.Debug|Any CPU.Build.0 = Debug|Any CPU
		{F9B916B3-9372-44F6-9BFF-158ADE26326B}.Release|Any CPU.ActiveCfg = Release|Any CPU
		{F9B916B3-9372-44F6-9BFF-158ADE26326B}.Release|Any CPU.Build.0 = Release|Any CPU
	EndGlobalSection
EndGlobal
